
Microsoft Visual Studio Solution File, Format Version 12.00
# Visual Studio Version 16
VisualStudioVersion = 16.0.31105.61
MinimumVisualStudioVersion = 10.0.40219.1
Project("{FAE04EC0-301F-11D3-BF4B-00C04F79EFBC}") = "18 Tekstin käsittely", "18 Tekstin käsittely.csproj", "{0AE9B4BE-DAD5-419A-A58A-7EF19C190855}"
EndProject
Global
	GlobalSection(SolutionConfigurationPlatforms) = preSolution
		Debug|Any CPU = Debug|Any CPU
		Release|Any CPU = Release|Any CPU
	EndGlobalSection
	GlobalSection(ProjectConfigurationPlatforms) = postSolution
		{0AE9B4BE-DAD5-419A-A58A-7EF19C190855}.Debug|Any CPU.ActiveCfg = Debug|Any CPU
		{0AE9B4BE-DAD5-419A-A58A-7EF19C190855}.Debug|Any CPU.Build.0 = Debug|Any CPU
		{0AE9B4BE-DAD5-419A-A58A-7EF19C190855}.Release|Any CPU.ActiveCfg = Release|Any CPU
		{0AE9B4BE-DAD5-419A-A58A-7EF19C190855}.Release|Any CPU.Build.0 = Release|Any CPU
	EndGlobalSection
	GlobalSection(SolutionProperties) = preSolution
		HideSolutionNode = FALSE
	EndGlobalSection
	GlobalSection(ExtensibilityGlobals) = postSolution
		SolutionGuid = {F94C897E-B3DB-4B45-9386-47A937B7D3BA}
	EndGlobalSection
EndGlobal
