
Microsoft Visual Studio Solution File, Format Version 12.00
# Visual Studio Version 16
VisualStudioVersion = 16.0.31105.61
MinimumVisualStudioVersion = 10.0.40219.1
Project("{FAE04EC0-301F-11D3-BF4B-00C04F79EFBC}") = "12.4 Aliohjelmat", "12.4 Aliohjelmat.csproj", "{ACBC65CD-C6C8-4D72-AF00-E4CA260D4077}"
EndProject
Global
	GlobalSection(SolutionConfigurationPlatforms) = preSolution
		Debug|Any CPU = Debug|Any CPU
		Release|Any CPU = Release|Any CPU
	EndGlobalSection
	GlobalSection(ProjectConfigurationPlatforms) = postSolution
		{ACBC65CD-C6C8-4D72-AF00-E4CA260D4077}.Debug|Any CPU.ActiveCfg = Debug|Any CPU
		{ACBC65CD-C6C8-4D72-AF00-E4CA260D4077}.Debug|Any CPU.Build.0 = Debug|Any CPU
		{ACBC65CD-C6C8-4D72-AF00-E4CA260D4077}.Release|Any CPU.ActiveCfg = Release|Any CPU
		{ACBC65CD-C6C8-4D72-AF00-E4CA260D4077}.Release|Any CPU.Build.0 = Release|Any CPU
	EndGlobalSection
	GlobalSection(SolutionProperties) = preSolution
		HideSolutionNode = FALSE
	EndGlobalSection
	GlobalSection(ExtensibilityGlobals) = postSolution
		SolutionGuid = {7D987DB2-98F4-471C-AD74-9A21289E9C9F}
	EndGlobalSection
EndGlobal
