
Microsoft Visual Studio Solution File, Format Version 12.00
# Visual Studio Version 16
VisualStudioVersion = 16.0.31105.61
MinimumVisualStudioVersion = 10.0.40219.1
Project("{FAE04EC0-301F-11D3-BF4B-00C04F79EFBC}") = "18.3 tekstin kasittely", "18.3 tekstin kasittely.csproj", "{A7525F97-3E54-4199-B343-FFCE2B72ED12}"
EndProject
Global
	GlobalSection(SolutionConfigurationPlatforms) = preSolution
		Debug|Any CPU = Debug|Any CPU
		Release|Any CPU = Release|Any CPU
	EndGlobalSection
	GlobalSection(ProjectConfigurationPlatforms) = postSolution
		{A7525F97-3E54-4199-B343-FFCE2B72ED12}.Debug|Any CPU.ActiveCfg = Debug|Any CPU
		{A7525F97-3E54-4199-B343-FFCE2B72ED12}.Debug|Any CPU.Build.0 = Debug|Any CPU
		{A7525F97-3E54-4199-B343-FFCE2B72ED12}.Release|Any CPU.ActiveCfg = Release|Any CPU
		{A7525F97-3E54-4199-B343-FFCE2B72ED12}.Release|Any CPU.Build.0 = Release|Any CPU
	EndGlobalSection
	GlobalSection(SolutionProperties) = preSolution
		HideSolutionNode = FALSE
	EndGlobalSection
	GlobalSection(ExtensibilityGlobals) = postSolution
		SolutionGuid = {F8256873-8FF3-4C62-87F4-A138A3494AAD}
	EndGlobalSection
EndGlobal
