
Microsoft Visual Studio Solution File, Format Version 12.00
# Visual Studio Version 16
VisualStudioVersion = 16.0.31105.61
MinimumVisualStudioVersion = 10.0.40219.1
Project("{FAE04EC0-301F-11D3-BF4B-00C04F79EFBC}") = "Tehtävä 8.2.4", "Tehtävä 8.2.4.csproj", "{BAD0433B-5EC2-4611-A1C1-CBDC8FBBFD04}"
EndProject
Global
	GlobalSection(SolutionConfigurationPlatforms) = preSolution
		Debug|Any CPU = Debug|Any CPU
		Release|Any CPU = Release|Any CPU
	EndGlobalSection
	GlobalSection(ProjectConfigurationPlatforms) = postSolution
		{BAD0433B-5EC2-4611-A1C1-CBDC8FBBFD04}.Debug|Any CPU.ActiveCfg = Debug|Any CPU
		{BAD0433B-5EC2-4611-A1C1-CBDC8FBBFD04}.Debug|Any CPU.Build.0 = Debug|Any CPU
		{BAD0433B-5EC2-4611-A1C1-CBDC8FBBFD04}.Release|Any CPU.ActiveCfg = Release|Any CPU
		{BAD0433B-5EC2-4611-A1C1-CBDC8FBBFD04}.Release|Any CPU.Build.0 = Release|Any CPU
	EndGlobalSection
	GlobalSection(SolutionProperties) = preSolution
		HideSolutionNode = FALSE
	EndGlobalSection
	GlobalSection(ExtensibilityGlobals) = postSolution
		SolutionGuid = {C449FBBA-8537-4F7E-9F85-EADCBE4D3C77}
	EndGlobalSection
EndGlobal
