
Microsoft Visual Studio Solution File, Format Version 12.00
# Visual Studio Version 16
VisualStudioVersion = 16.0.31105.61
MinimumVisualStudioVersion = 10.0.40219.1
Project("{9A19103F-16F7-4668-BE54-9A1E7A4F7556}") = "Tehtävä 4", "Tehtävä 4.csproj", "{49439B9E-4EA5-4F34-B13E-6AC4A2CF8E89}"
EndProject
Project("{FAE04EC0-301F-11D3-BF4B-00C04F79EFBC}") = "Tehtävä 5.1", "..\Tehtävä 5.1\Tehtävä 5.1.csproj", "{69279FA2-8C74-4273-BEEF-C22507907169}"
EndProject
Global
	GlobalSection(SolutionConfigurationPlatforms) = preSolution
		Debug|Any CPU = Debug|Any CPU
		Release|Any CPU = Release|Any CPU
	EndGlobalSection
	GlobalSection(ProjectConfigurationPlatforms) = postSolution
		{49439B9E-4EA5-4F34-B13E-6AC4A2CF8E89}.Debug|Any CPU.ActiveCfg = Debug|Any CPU
		{49439B9E-4EA5-4F34-B13E-6AC4A2CF8E89}.Debug|Any CPU.Build.0 = Debug|Any CPU
		{49439B9E-4EA5-4F34-B13E-6AC4A2CF8E89}.Release|Any CPU.ActiveCfg = Release|Any CPU
		{49439B9E-4EA5-4F34-B13E-6AC4A2CF8E89}.Release|Any CPU.Build.0 = Release|Any CPU
		{69279FA2-8C74-4273-BEEF-C22507907169}.Debug|Any CPU.ActiveCfg = Debug|Any CPU
		{69279FA2-8C74-4273-BEEF-C22507907169}.Debug|Any CPU.Build.0 = Debug|Any CPU
		{69279FA2-8C74-4273-BEEF-C22507907169}.Release|Any CPU.ActiveCfg = Release|Any CPU
		{69279FA2-8C74-4273-BEEF-C22507907169}.Release|Any CPU.Build.0 = Release|Any CPU
	EndGlobalSection
	GlobalSection(SolutionProperties) = preSolution
		HideSolutionNode = FALSE
	EndGlobalSection
	GlobalSection(ExtensibilityGlobals) = postSolution
		SolutionGuid = {A503B6C4-1007-47D3-8E68-04195BC8FCF1}
	EndGlobalSection
EndGlobal
