
Microsoft Visual Studio Solution File, Format Version 12.00
# Visual Studio Version 16
VisualStudioVersion = 16.0.31105.61
MinimumVisualStudioVersion = 10.0.40219.1
Project("{FAE04EC0-301F-11D3-BF4B-00C04F79EFBC}") = "Tehtävä 10.1", "Tehtävä 10.1.csproj", "{4C2A338F-D1AD-4252-A1A4-24009CCBAE42}"
EndProject
Global
	GlobalSection(SolutionConfigurationPlatforms) = preSolution
		Debug|Any CPU = Debug|Any CPU
		Release|Any CPU = Release|Any CPU
	EndGlobalSection
	GlobalSection(ProjectConfigurationPlatforms) = postSolution
		{4C2A338F-D1AD-4252-A1A4-24009CCBAE42}.Debug|Any CPU.ActiveCfg = Debug|Any CPU
		{4C2A338F-D1AD-4252-A1A4-24009CCBAE42}.Debug|Any CPU.Build.0 = Debug|Any CPU
		{4C2A338F-D1AD-4252-A1A4-24009CCBAE42}.Release|Any CPU.ActiveCfg = Release|Any CPU
		{4C2A338F-D1AD-4252-A1A4-24009CCBAE42}.Release|Any CPU.Build.0 = Release|Any CPU
	EndGlobalSection
	GlobalSection(SolutionProperties) = preSolution
		HideSolutionNode = FALSE
	EndGlobalSection
	GlobalSection(ExtensibilityGlobals) = postSolution
		SolutionGuid = {846584B3-859C-42BB-B7B5-97A9FA111DDE}
	EndGlobalSection
EndGlobal
